
Microsoft Visual Studio Solution File, Format Version 12.00
# Visual Studio Version 17
VisualStudioVersion = 17.9.34723.18
MinimumVisualStudioVersion = 10.0.40219.1
Project("{FAE04EC0-301F-11D3-BF4B-00C04F79EFBC}") = "jogo_digitação", "jogo_digitação.csproj", "{B5E08D99-49C3-419D-9BEB-9CFA6E373773}"
EndProject
Global
	GlobalSection(SolutionConfigurationPlatforms) = preSolution
		Debug|Any CPU = Debug|Any CPU
		Release|Any CPU = Release|Any CPU
	EndGlobalSection
	GlobalSection(ProjectConfigurationPlatforms) = postSolution
		{B5E08D99-49C3-419D-9BEB-9CFA6E373773}.Debug|Any CPU.ActiveCfg = Debug|Any CPU
		{B5E08D99-49C3-419D-9BEB-9CFA6E373773}.Debug|Any CPU.Build.0 = Debug|Any CPU
		{B5E08D99-49C3-419D-9BEB-9CFA6E373773}.Release|Any CPU.ActiveCfg = Release|Any CPU
		{B5E08D99-49C3-419D-9BEB-9CFA6E373773}.Release|Any CPU.Build.0 = Release|Any CPU
	EndGlobalSection
	GlobalSection(SolutionProperties) = preSolution
		HideSolutionNode = FALSE
	EndGlobalSection
	GlobalSection(ExtensibilityGlobals) = postSolution
		SolutionGuid = {EE13B3DB-34D0-4C17-B4EA-AE6D721B7B9D}
	EndGlobalSection
EndGlobal
